
Microsoft Visual Studio Solution File, Format Version 12.00
# Visual Studio Version 16
VisualStudioVersion = 16.0.29613.14
MinimumVisualStudioVersion = 10.0.40219.1
Project("{9A19103F-16F7-4668-BE54-9A1E7A4F7556}") = "MBEditor", "MBEditor\MBEditor.csproj", "{6612138E-B8C4-460B-985F-BA741BB82854}"
EndProject
Project("{9A19103F-16F7-4668-BE54-9A1E7A4F7556}") = "DarkUI.Support", "DarkUI.Support\DarkUI.Support.csproj", "{7BE038BF-EB3F-4401-89FC-90381CAD59BC}"
EndProject
Project("{9A19103F-16F7-4668-BE54-9A1E7A4F7556}") = "DarkUI", "DarkUI\DarkUI.csproj", "{69268A6B-F821-4526-AEC9-806C853BCCD7}"
EndProject
Project("{9A19103F-16F7-4668-BE54-9A1E7A4F7556}") = "ObjectListView.core", "ObjectListView\ObjectListView.core.csproj", "{21048A9C-D87A-4392-9CE7-CFF941364CC9}"
EndProject
Project("{2150E333-8FDC-42A3-9474-1A3956D46DE8}") = "Documentation", "Documentation", "{18FFA59A-4000-4928-AD95-656EE13E1EFD}"
	ProjectSection(SolutionItems) = preProject
		Documentation\CHANGELOG.txt = Documentation\CHANGELOG.txt
		Documentation\FEATURES.txt = Documentation\FEATURES.txt
		Documentation\README.md = Documentation\README.md
		README.txt = README.txt
		version.txt = version.txt
	EndProjectSection
EndProject
Project("{9A19103F-16F7-4668-BE54-9A1E7A4F7556}") = "SaddledEdgeModule", "SaddledEdgeModule\SaddledEdgeModule.csproj", "{52485202-2B0E-410E-B6E9-12065E0A71A9}"
EndProject
Global
	GlobalSection(SolutionConfigurationPlatforms) = preSolution
		Current|Any CPU = Current|Any CPU
		Current|x64 = Current|x64
		Debug|Any CPU = Debug|Any CPU
		Debug|x64 = Debug|x64
		Release|Any CPU = Release|Any CPU
		Release|x64 = Release|x64
		v1.2.1|Any CPU = v1.2.1|Any CPU
		v1.2.1|x64 = v1.2.1|x64
		v1.3.0|Any CPU = v1.3.0|Any CPU
		v1.3.0|x64 = v1.3.0|x64
		v1.3.1|Any CPU = v1.3.1|Any CPU
		v1.3.1|x64 = v1.3.1|x64
		v1.4.0|Any CPU = v1.4.0|Any CPU
		v1.4.0|x64 = v1.4.0|x64
		v1.4.1|Any CPU = v1.4.1|Any CPU
		v1.4.1|x64 = v1.4.1|x64
		v1.4.2|Any CPU = v1.4.2|Any CPU
		v1.4.2|x64 = v1.4.2|x64
		v1.4.3|Any CPU = v1.4.3|Any CPU
		v1.4.3|x64 = v1.4.3|x64
	EndGlobalSection
	GlobalSection(ProjectConfigurationPlatforms) = postSolution
		{6612138E-B8C4-460B-985F-BA741BB82854}.Current|Any CPU.ActiveCfg = Current|Any CPU
		{6612138E-B8C4-460B-985F-BA741BB82854}.Current|Any CPU.Build.0 = Current|Any CPU
		{6612138E-B8C4-460B-985F-BA741BB82854}.Current|x64.ActiveCfg = Current|Any CPU
		{6612138E-B8C4-460B-985F-BA741BB82854}.Current|x64.Build.0 = Current|Any CPU
		{6612138E-B8C4-460B-985F-BA741BB82854}.Debug|Any CPU.ActiveCfg = v1.4.1|Any CPU
		{6612138E-B8C4-460B-985F-BA741BB82854}.Debug|Any CPU.Build.0 = v1.4.1|Any CPU
		{6612138E-B8C4-460B-985F-BA741BB82854}.Debug|x64.ActiveCfg = v1.4.2|Any CPU
		{6612138E-B8C4-460B-985F-BA741BB82854}.Debug|x64.Build.0 = v1.4.2|Any CPU
		{6612138E-B8C4-460B-985F-BA741BB82854}.Release|Any CPU.ActiveCfg = v1.4.1|Any CPU
		{6612138E-B8C4-460B-985F-BA741BB82854}.Release|Any CPU.Build.0 = v1.4.1|Any CPU
		{6612138E-B8C4-460B-985F-BA741BB82854}.Release|x64.ActiveCfg = v1.4.2|Any CPU
		{6612138E-B8C4-460B-985F-BA741BB82854}.Release|x64.Build.0 = v1.4.2|Any CPU
		{6612138E-B8C4-460B-985F-BA741BB82854}.v1.2.1|Any CPU.ActiveCfg = v1.2.1|Any CPU
		{6612138E-B8C4-460B-985F-BA741BB82854}.v1.2.1|Any CPU.Build.0 = v1.2.1|Any CPU
		{6612138E-B8C4-460B-985F-BA741BB82854}.v1.2.1|x64.ActiveCfg = v1.2.1|Any CPU
		{6612138E-B8C4-460B-985F-BA741BB82854}.v1.2.1|x64.Build.0 = v1.2.1|Any CPU
		{6612138E-B8C4-460B-985F-BA741BB82854}.v1.3.0|Any CPU.ActiveCfg = v1.3.0|Any CPU
		{6612138E-B8C4-460B-985F-BA741BB82854}.v1.3.0|Any CPU.Build.0 = v1.3.0|Any CPU
		{6612138E-B8C4-460B-985F-BA741BB82854}.v1.3.0|x64.ActiveCfg = v1.3.0|Any CPU
		{6612138E-B8C4-460B-985F-BA741BB82854}.v1.3.0|x64.Build.0 = v1.3.0|Any CPU
		{6612138E-B8C4-460B-985F-BA741BB82854}.v1.3.1|Any CPU.ActiveCfg = v1.3.1|Any CPU
		{6612138E-B8C4-460B-985F-BA741BB82854}.v1.3.1|Any CPU.Build.0 = v1.3.1|Any CPU
		{6612138E-B8C4-460B-985F-BA741BB82854}.v1.3.1|x64.ActiveCfg = v1.3.1|Any CPU
		{6612138E-B8C4-460B-985F-BA741BB82854}.v1.3.1|x64.Build.0 = v1.3.1|Any CPU
		{6612138E-B8C4-460B-985F-BA741BB82854}.v1.4.0|Any CPU.ActiveCfg = v1.4.0|Any CPU
		{6612138E-B8C4-460B-985F-BA741BB82854}.v1.4.0|Any CPU.Build.0 = v1.4.0|Any CPU
		{6612138E-B8C4-460B-985F-BA741BB82854}.v1.4.0|x64.ActiveCfg = v1.4.0|Any CPU
		{6612138E-B8C4-460B-985F-BA741BB82854}.v1.4.0|x64.Build.0 = v1.4.0|Any CPU
		{6612138E-B8C4-460B-985F-BA741BB82854}.v1.4.1|Any CPU.ActiveCfg = v1.4.1|Any CPU
		{6612138E-B8C4-460B-985F-BA741BB82854}.v1.4.1|Any CPU.Build.0 = v1.4.1|Any CPU
		{6612138E-B8C4-460B-985F-BA741BB82854}.v1.4.1|x64.ActiveCfg = v1.4.1|Any CPU
		{6612138E-B8C4-460B-985F-BA741BB82854}.v1.4.1|x64.Build.0 = v1.4.1|Any CPU
		{6612138E-B8C4-460B-985F-BA741BB82854}.v1.4.2|Any CPU.ActiveCfg = v1.4.2|Any CPU
		{6612138E-B8C4-460B-985F-BA741BB82854}.v1.4.2|Any CPU.Build.0 = v1.4.2|Any CPU
		{6612138E-B8C4-460B-985F-BA741BB82854}.v1.4.2|x64.ActiveCfg = v1.4.2|Any CPU
		{6612138E-B8C4-460B-985F-BA741BB82854}.v1.4.2|x64.Build.0 = v1.4.2|Any CPU
		{6612138E-B8C4-460B-985F-BA741BB82854}.v1.4.3|Any CPU.ActiveCfg = v1.4.3|Any CPU
		{6612138E-B8C4-460B-985F-BA741BB82854}.v1.4.3|Any CPU.Build.0 = v1.4.3|Any CPU
		{6612138E-B8C4-460B-985F-BA741BB82854}.v1.4.3|x64.ActiveCfg = v1.4.2|Any CPU
		{6612138E-B8C4-460B-985F-BA741BB82854}.v1.4.3|x64.Build.0 = v1.4.2|Any CPU
		{7BE038BF-EB3F-4401-89FC-90381CAD59BC}.Current|Any CPU.ActiveCfg = Release|Any CPU
		{7BE038BF-EB3F-4401-89FC-90381CAD59BC}.Current|Any CPU.Build.0 = Release|Any CPU
		{7BE038BF-EB3F-4401-89FC-90381CAD59BC}.Current|x64.ActiveCfg = Debug|Any CPU
		{7BE038BF-EB3F-4401-89FC-90381CAD59BC}.Current|x64.Build.0 = Debug|Any CPU
		{7BE038BF-EB3F-4401-89FC-90381CAD59BC}.Debug|Any CPU.ActiveCfg = Debug|Any CPU
		{7BE038BF-EB3F-4401-89FC-90381CAD59BC}.Debug|Any CPU.Build.0 = Debug|Any CPU
		{7BE038BF-EB3F-4401-89FC-90381CAD59BC}.Debug|x64.ActiveCfg = Debug|Any CPU
		{7BE038BF-EB3F-4401-89FC-90381CAD59BC}.Debug|x64.Build.0 = Debug|Any CPU
		{7BE038BF-EB3F-4401-89FC-90381CAD59BC}.Release|Any CPU.ActiveCfg = Release|Any CPU
		{7BE038BF-EB3F-4401-89FC-90381CAD59BC}.Release|Any CPU.Build.0 = Release|Any CPU
		{7BE038BF-EB3F-4401-89FC-90381CAD59BC}.Release|x64.ActiveCfg = Release|Any CPU
		{7BE038BF-EB3F-4401-89FC-90381CAD59BC}.Release|x64.Build.0 = Release|Any CPU
		{7BE038BF-EB3F-4401-89FC-90381CAD59BC}.v1.2.1|Any CPU.ActiveCfg = Release|Any CPU
		{7BE038BF-EB3F-4401-89FC-90381CAD59BC}.v1.2.1|Any CPU.Build.0 = Release|Any CPU
		{7BE038BF-EB3F-4401-89FC-90381CAD59BC}.v1.2.1|x64.ActiveCfg = Debug|Any CPU
		{7BE038BF-EB3F-4401-89FC-90381CAD59BC}.v1.2.1|x64.Build.0 = Debug|Any CPU
		{7BE038BF-EB3F-4401-89FC-90381CAD59BC}.v1.3.0|Any CPU.ActiveCfg = Release|Any CPU
		{7BE038BF-EB3F-4401-89FC-90381CAD59BC}.v1.3.0|Any CPU.Build.0 = Release|Any CPU
		{7BE038BF-EB3F-4401-89FC-90381CAD59BC}.v1.3.0|x64.ActiveCfg = Debug|Any CPU
		{7BE038BF-EB3F-4401-89FC-90381CAD59BC}.v1.3.0|x64.Build.0 = Debug|Any CPU
		{7BE038BF-EB3F-4401-89FC-90381CAD59BC}.v1.3.1|Any CPU.ActiveCfg = Release|Any CPU
		{7BE038BF-EB3F-4401-89FC-90381CAD59BC}.v1.3.1|Any CPU.Build.0 = Release|Any CPU
		{7BE038BF-EB3F-4401-89FC-90381CAD59BC}.v1.3.1|x64.ActiveCfg = Debug|Any CPU
		{7BE038BF-EB3F-4401-89FC-90381CAD59BC}.v1.3.1|x64.Build.0 = Debug|Any CPU
		{7BE038BF-EB3F-4401-89FC-90381CAD59BC}.v1.4.0|Any CPU.ActiveCfg = Release|Any CPU
		{7BE038BF-EB3F-4401-89FC-90381CAD59BC}.v1.4.0|Any CPU.Build.0 = Release|Any CPU
		{7BE038BF-EB3F-4401-89FC-90381CAD59BC}.v1.4.0|x64.ActiveCfg = Debug|Any CPU
		{7BE038BF-EB3F-4401-89FC-90381CAD59BC}.v1.4.0|x64.Build.0 = Debug|Any CPU
		{7BE038BF-EB3F-4401-89FC-90381CAD59BC}.v1.4.1|Any CPU.ActiveCfg = Release|Any CPU
		{7BE038BF-EB3F-4401-89FC-90381CAD59BC}.v1.4.1|Any CPU.Build.0 = Release|Any CPU
		{7BE038BF-EB3F-4401-89FC-90381CAD59BC}.v1.4.1|x64.ActiveCfg = Debug|Any CPU
		{7BE038BF-EB3F-4401-89FC-90381CAD59BC}.v1.4.1|x64.Build.0 = Debug|Any CPU
		{7BE038BF-EB3F-4401-89FC-90381CAD59BC}.v1.4.2|Any CPU.ActiveCfg = Release|Any CPU
		{7BE038BF-EB3F-4401-89FC-90381CAD59BC}.v1.4.2|Any CPU.Build.0 = Release|Any CPU
		{7BE038BF-EB3F-4401-89FC-90381CAD59BC}.v1.4.2|x64.ActiveCfg = Debug|Any CPU
		{7BE038BF-EB3F-4401-89FC-90381CAD59BC}.v1.4.2|x64.Build.0 = Debug|Any CPU
		{7BE038BF-EB3F-4401-89FC-90381CAD59BC}.v1.4.3|Any CPU.ActiveCfg = Release|Any CPU
		{7BE038BF-EB3F-4401-89FC-90381CAD59BC}.v1.4.3|Any CPU.Build.0 = Release|Any CPU
		{7BE038BF-EB3F-4401-89FC-90381CAD59BC}.v1.4.3|x64.ActiveCfg = Debug|Any CPU
		{7BE038BF-EB3F-4401-89FC-90381CAD59BC}.v1.4.3|x64.Build.0 = Debug|Any CPU
		{69268A6B-F821-4526-AEC9-806C853BCCD7}.Current|Any CPU.ActiveCfg = Release|Any CPU
		{69268A6B-F821-4526-AEC9-806C853BCCD7}.Current|Any CPU.Build.0 = Release|Any CPU
		{69268A6B-F821-4526-AEC9-806C853BCCD7}.Current|x64.ActiveCfg = Debug|Any CPU
		{69268A6B-F821-4526-AEC9-806C853BCCD7}.Current|x64.Build.0 = Debug|Any CPU
		{69268A6B-F821-4526-AEC9-806C853BCCD7}.Debug|Any CPU.ActiveCfg = Debug|Any CPU
		{69268A6B-F821-4526-AEC9-806C853BCCD7}.Debug|Any CPU.Build.0 = Debug|Any CPU
		{69268A6B-F821-4526-AEC9-806C853BCCD7}.Debug|x64.ActiveCfg = Debug|Any CPU
		{69268A6B-F821-4526-AEC9-806C853BCCD7}.Debug|x64.Build.0 = Debug|Any CPU
		{69268A6B-F821-4526-AEC9-806C853BCCD7}.Release|Any CPU.ActiveCfg = Release|Any CPU
		{69268A6B-F821-4526-AEC9-806C853BCCD7}.Release|Any CPU.Build.0 = Release|Any CPU
		{69268A6B-F821-4526-AEC9-806C853BCCD7}.Release|x64.ActiveCfg = Release|Any CPU
		{69268A6B-F821-4526-AEC9-806C853BCCD7}.Release|x64.Build.0 = Release|Any CPU
		{69268A6B-F821-4526-AEC9-806C853BCCD7}.v1.2.1|Any CPU.ActiveCfg = Release|Any CPU
		{69268A6B-F821-4526-AEC9-806C853BCCD7}.v1.2.1|Any CPU.Build.0 = Release|Any CPU
		{69268A6B-F821-4526-AEC9-806C853BCCD7}.v1.2.1|x64.ActiveCfg = Debug|Any CPU
		{69268A6B-F821-4526-AEC9-806C853BCCD7}.v1.2.1|x64.Build.0 = Debug|Any CPU
		{69268A6B-F821-4526-AEC9-806C853BCCD7}.v1.3.0|Any CPU.ActiveCfg = Release|Any CPU
		{69268A6B-F821-4526-AEC9-806C853BCCD7}.v1.3.0|Any CPU.Build.0 = Release|Any CPU
		{69268A6B-F821-4526-AEC9-806C853BCCD7}.v1.3.0|x64.ActiveCfg = Debug|Any CPU
		{69268A6B-F821-4526-AEC9-806C853BCCD7}.v1.3.0|x64.Build.0 = Debug|Any CPU
		{69268A6B-F821-4526-AEC9-806C853BCCD7}.v1.3.1|Any CPU.ActiveCfg = Release|Any CPU
		{69268A6B-F821-4526-AEC9-806C853BCCD7}.v1.3.1|Any CPU.Build.0 = Release|Any CPU
		{69268A6B-F821-4526-AEC9-806C853BCCD7}.v1.3.1|x64.ActiveCfg = Debug|Any CPU
		{69268A6B-F821-4526-AEC9-806C853BCCD7}.v1.3.1|x64.Build.0 = Debug|Any CPU
		{69268A6B-F821-4526-AEC9-806C853BCCD7}.v1.4.0|Any CPU.ActiveCfg = Release|Any CPU
		{69268A6B-F821-4526-AEC9-806C853BCCD7}.v1.4.0|Any CPU.Build.0 = Release|Any CPU
		{69268A6B-F821-4526-AEC9-806C853BCCD7}.v1.4.0|x64.ActiveCfg = Debug|Any CPU
		{69268A6B-F821-4526-AEC9-806C853BCCD7}.v1.4.0|x64.Build.0 = Debug|Any CPU
		{69268A6B-F821-4526-AEC9-806C853BCCD7}.v1.4.1|Any CPU.ActiveCfg = Release|Any CPU
		{69268A6B-F821-4526-AEC9-806C853BCCD7}.v1.4.1|Any CPU.Build.0 = Release|Any CPU
		{69268A6B-F821-4526-AEC9-806C853BCCD7}.v1.4.1|x64.ActiveCfg = Debug|Any CPU
		{69268A6B-F821-4526-AEC9-806C853BCCD7}.v1.4.1|x64.Build.0 = Debug|Any CPU
		{69268A6B-F821-4526-AEC9-806C853BCCD7}.v1.4.2|Any CPU.ActiveCfg = Release|Any CPU
		{69268A6B-F821-4526-AEC9-806C853BCCD7}.v1.4.2|Any CPU.Build.0 = Release|Any CPU
		{69268A6B-F821-4526-AEC9-806C853BCCD7}.v1.4.2|x64.ActiveCfg = Debug|Any CPU
		{69268A6B-F821-4526-AEC9-806C853BCCD7}.v1.4.2|x64.Build.0 = Debug|Any CPU
		{69268A6B-F821-4526-AEC9-806C853BCCD7}.v1.4.3|Any CPU.ActiveCfg = Release|Any CPU
		{69268A6B-F821-4526-AEC9-806C853BCCD7}.v1.4.3|Any CPU.Build.0 = Release|Any CPU
		{69268A6B-F821-4526-AEC9-806C853BCCD7}.v1.4.3|x64.ActiveCfg = Debug|Any CPU
		{69268A6B-F821-4526-AEC9-806C853BCCD7}.v1.4.3|x64.Build.0 = Debug|Any CPU
		{21048A9C-D87A-4392-9CE7-CFF941364CC9}.Current|Any CPU.ActiveCfg = Release|Any CPU
		{21048A9C-D87A-4392-9CE7-CFF941364CC9}.Current|Any CPU.Build.0 = Release|Any CPU
		{21048A9C-D87A-4392-9CE7-CFF941364CC9}.Current|x64.ActiveCfg = Debug|Any CPU
		{21048A9C-D87A-4392-9CE7-CFF941364CC9}.Current|x64.Build.0 = Debug|Any CPU
		{21048A9C-D87A-4392-9CE7-CFF941364CC9}.Debug|Any CPU.ActiveCfg = Debug|Any CPU
		{21048A9C-D87A-4392-9CE7-CFF941364CC9}.Debug|Any CPU.Build.0 = Debug|Any CPU
		{21048A9C-D87A-4392-9CE7-CFF941364CC9}.Debug|x64.ActiveCfg = Debug|Any CPU
		{21048A9C-D87A-4392-9CE7-CFF941364CC9}.Debug|x64.Build.0 = Debug|Any CPU
		{21048A9C-D87A-4392-9CE7-CFF941364CC9}.Release|Any CPU.ActiveCfg = Release|Any CPU
		{21048A9C-D87A-4392-9CE7-CFF941364CC9}.Release|Any CPU.Build.0 = Release|Any CPU
		{21048A9C-D87A-4392-9CE7-CFF941364CC9}.Release|x64.ActiveCfg = Release|Any CPU
		{21048A9C-D87A-4392-9CE7-CFF941364CC9}.Release|x64.Build.0 = Release|Any CPU
		{21048A9C-D87A-4392-9CE7-CFF941364CC9}.v1.2.1|Any CPU.ActiveCfg = Release|Any CPU
		{21048A9C-D87A-4392-9CE7-CFF941364CC9}.v1.2.1|Any CPU.Build.0 = Release|Any CPU
		{21048A9C-D87A-4392-9CE7-CFF941364CC9}.v1.2.1|x64.ActiveCfg = Debug|Any CPU
		{21048A9C-D87A-4392-9CE7-CFF941364CC9}.v1.2.1|x64.Build.0 = Debug|Any CPU
		{21048A9C-D87A-4392-9CE7-CFF941364CC9}.v1.3.0|Any CPU.ActiveCfg = Release|Any CPU
		{21048A9C-D87A-4392-9CE7-CFF941364CC9}.v1.3.0|Any CPU.Build.0 = Release|Any CPU
		{21048A9C-D87A-4392-9CE7-CFF941364CC9}.v1.3.0|x64.ActiveCfg = Debug|Any CPU
		{21048A9C-D87A-4392-9CE7-CFF941364CC9}.v1.3.0|x64.Build.0 = Debug|Any CPU
		{21048A9C-D87A-4392-9CE7-CFF941364CC9}.v1.3.1|Any CPU.ActiveCfg = Release|Any CPU
		{21048A9C-D87A-4392-9CE7-CFF941364CC9}.v1.3.1|Any CPU.Build.0 = Release|Any CPU
		{21048A9C-D87A-4392-9CE7-CFF941364CC9}.v1.3.1|x64.ActiveCfg = Debug|Any CPU
		{21048A9C-D87A-4392-9CE7-CFF941364CC9}.v1.3.1|x64.Build.0 = Debug|Any CPU
		{21048A9C-D87A-4392-9CE7-CFF941364CC9}.v1.4.0|Any CPU.ActiveCfg = Release|Any CPU
		{21048A9C-D87A-4392-9CE7-CFF941364CC9}.v1.4.0|Any CPU.Build.0 = Release|Any CPU
		{21048A9C-D87A-4392-9CE7-CFF941364CC9}.v1.4.0|x64.ActiveCfg = Debug|Any CPU
		{21048A9C-D87A-4392-9CE7-CFF941364CC9}.v1.4.0|x64.Build.0 = Debug|Any CPU
		{21048A9C-D87A-4392-9CE7-CFF941364CC9}.v1.4.1|Any CPU.ActiveCfg = Release|Any CPU
		{21048A9C-D87A-4392-9CE7-CFF941364CC9}.v1.4.1|Any CPU.Build.0 = Release|Any CPU
		{21048A9C-D87A-4392-9CE7-CFF941364CC9}.v1.4.1|x64.ActiveCfg = Debug|Any CPU
		{21048A9C-D87A-4392-9CE7-CFF941364CC9}.v1.4.1|x64.Build.0 = Debug|Any CPU
		{21048A9C-D87A-4392-9CE7-CFF941364CC9}.v1.4.2|Any CPU.ActiveCfg = Release|Any CPU
		{21048A9C-D87A-4392-9CE7-CFF941364CC9}.v1.4.2|Any CPU.Build.0 = Release|Any CPU
		{21048A9C-D87A-4392-9CE7-CFF941364CC9}.v1.4.2|x64.ActiveCfg = Debug|Any CPU
		{21048A9C-D87A-4392-9CE7-CFF941364CC9}.v1.4.2|x64.Build.0 = Debug|Any CPU
		{21048A9C-D87A-4392-9CE7-CFF941364CC9}.v1.4.3|Any CPU.ActiveCfg = Release|Any CPU
		{21048A9C-D87A-4392-9CE7-CFF941364CC9}.v1.4.3|Any CPU.Build.0 = Release|Any CPU
		{21048A9C-D87A-4392-9CE7-CFF941364CC9}.v1.4.3|x64.ActiveCfg = Debug|Any CPU
		{21048A9C-D87A-4392-9CE7-CFF941364CC9}.v1.4.3|x64.Build.0 = Debug|Any CPU
		{52485202-2B0E-410E-B6E9-12065E0A71A9}.Current|Any CPU.ActiveCfg = Release|Any CPU
		{52485202-2B0E-410E-B6E9-12065E0A71A9}.Current|Any CPU.Build.0 = Release|Any CPU
		{52485202-2B0E-410E-B6E9-12065E0A71A9}.Current|x64.ActiveCfg = v1.2.1|Any CPU
		{52485202-2B0E-410E-B6E9-12065E0A71A9}.Current|x64.Build.0 = v1.2.1|Any CPU
		{52485202-2B0E-410E-B6E9-12065E0A71A9}.Debug|Any CPU.ActiveCfg = v1.2.1|Any CPU
		{52485202-2B0E-410E-B6E9-12065E0A71A9}.Debug|Any CPU.Build.0 = v1.2.1|Any CPU
		{52485202-2B0E-410E-B6E9-12065E0A71A9}.Debug|x64.ActiveCfg = v1.2.1|Any CPU
		{52485202-2B0E-410E-B6E9-12065E0A71A9}.Debug|x64.Build.0 = v1.2.1|Any CPU
		{52485202-2B0E-410E-B6E9-12065E0A71A9}.Release|Any CPU.ActiveCfg = Release|Any CPU
		{52485202-2B0E-410E-B6E9-12065E0A71A9}.Release|Any CPU.Build.0 = Release|Any CPU
		{52485202-2B0E-410E-B6E9-12065E0A71A9}.Release|x64.ActiveCfg = Release|Any CPU
		{52485202-2B0E-410E-B6E9-12065E0A71A9}.Release|x64.Build.0 = Release|Any CPU
		{52485202-2B0E-410E-B6E9-12065E0A71A9}.v1.2.1|Any CPU.ActiveCfg = Release|Any CPU
		{52485202-2B0E-410E-B6E9-12065E0A71A9}.v1.2.1|Any CPU.Build.0 = Release|Any CPU
		{52485202-2B0E-410E-B6E9-12065E0A71A9}.v1.2.1|x64.ActiveCfg = v1.2.1|Any CPU
		{52485202-2B0E-410E-B6E9-12065E0A71A9}.v1.2.1|x64.Build.0 = v1.2.1|Any CPU
		{52485202-2B0E-410E-B6E9-12065E0A71A9}.v1.3.0|Any CPU.ActiveCfg = v1.2.1|Any CPU
		{52485202-2B0E-410E-B6E9-12065E0A71A9}.v1.3.0|Any CPU.Build.0 = v1.2.1|Any CPU
		{52485202-2B0E-410E-B6E9-12065E0A71A9}.v1.3.0|x64.ActiveCfg = v1.2.1|Any CPU
		{52485202-2B0E-410E-B6E9-12065E0A71A9}.v1.3.0|x64.Build.0 = v1.2.1|Any CPU
		{52485202-2B0E-410E-B6E9-12065E0A71A9}.v1.3.1|Any CPU.ActiveCfg = v1.2.1|Any CPU
		{52485202-2B0E-410E-B6E9-12065E0A71A9}.v1.3.1|Any CPU.Build.0 = v1.2.1|Any CPU
		{52485202-2B0E-410E-B6E9-12065E0A71A9}.v1.3.1|x64.ActiveCfg = v1.2.1|Any CPU
		{52485202-2B0E-410E-B6E9-12065E0A71A9}.v1.3.1|x64.Build.0 = v1.2.1|Any CPU
		{52485202-2B0E-410E-B6E9-12065E0A71A9}.v1.4.0|Any CPU.ActiveCfg = v1.2.1|Any CPU
		{52485202-2B0E-410E-B6E9-12065E0A71A9}.v1.4.0|Any CPU.Build.0 = v1.2.1|Any CPU
		{52485202-2B0E-410E-B6E9-12065E0A71A9}.v1.4.0|x64.ActiveCfg = v1.2.1|Any CPU
		{52485202-2B0E-410E-B6E9-12065E0A71A9}.v1.4.0|x64.Build.0 = v1.2.1|Any CPU
		{52485202-2B0E-410E-B6E9-12065E0A71A9}.v1.4.1|Any CPU.ActiveCfg = Release|Any CPU
		{52485202-2B0E-410E-B6E9-12065E0A71A9}.v1.4.1|Any CPU.Build.0 = Release|Any CPU
		{52485202-2B0E-410E-B6E9-12065E0A71A9}.v1.4.1|x64.ActiveCfg = v1.2.1|Any CPU
		{52485202-2B0E-410E-B6E9-12065E0A71A9}.v1.4.1|x64.Build.0 = v1.2.1|Any CPU
		{52485202-2B0E-410E-B6E9-12065E0A71A9}.v1.4.2|Any CPU.ActiveCfg = v1.2.1|Any CPU
		{52485202-2B0E-410E-B6E9-12065E0A71A9}.v1.4.2|Any CPU.Build.0 = v1.2.1|Any CPU
		{52485202-2B0E-410E-B6E9-12065E0A71A9}.v1.4.2|x64.ActiveCfg = v1.2.1|Any CPU
		{52485202-2B0E-410E-B6E9-12065E0A71A9}.v1.4.2|x64.Build.0 = v1.2.1|Any CPU
		{52485202-2B0E-410E-B6E9-12065E0A71A9}.v1.4.3|Any CPU.ActiveCfg = v1.2.1|Any CPU
		{52485202-2B0E-410E-B6E9-12065E0A71A9}.v1.4.3|Any CPU.Build.0 = v1.2.1|Any CPU
		{52485202-2B0E-410E-B6E9-12065E0A71A9}.v1.4.3|x64.ActiveCfg = v1.2.1|Any CPU
		{52485202-2B0E-410E-B6E9-12065E0A71A9}.v1.4.3|x64.Build.0 = v1.2.1|Any CPU
	EndGlobalSection
	GlobalSection(SolutionProperties) = preSolution
		HideSolutionNode = FALSE
	EndGlobalSection
	GlobalSection(ExtensibilityGlobals) = postSolution
		SolutionGuid = {20B4AD0E-9AD6-44CF-8AF8-1FAE8228384F}
	EndGlobalSection
EndGlobal
